
Microsoft Visual Studio Solution File, Format Version 12.00
# Visual Studio 15
VisualStudioVersion = 15.0.28307.168
MinimumVisualStudioVersion = 10.0.40219.1
Project("{888888A0-9F3D-457C-B088-3A5042F75D52}") = "Lab8", "Lab8\Lab8.pyproj", "{343AB7B8-709D-4116-BA0B-3E516B0695CF}"
EndProject
Global
	GlobalSection(SolutionConfigurationPlatforms) = preSolution
		Debug|Any CPU = Debug|Any CPU
		Release|Any CPU = Release|Any CPU
	EndGlobalSection
	GlobalSection(ProjectConfigurationPlatforms) = postSolution
		{343AB7B8-709D-4116-BA0B-3E516B0695CF}.Debug|Any CPU.ActiveCfg = Debug|Any CPU
		{343AB7B8-709D-4116-BA0B-3E516B0695CF}.Release|Any CPU.ActiveCfg = Release|Any CPU
	EndGlobalSection
	GlobalSection(SolutionProperties) = preSolution
		HideSolutionNode = FALSE
	EndGlobalSection
	GlobalSection(ExtensibilityGlobals) = postSolution
		SolutionGuid = {DE9D22F3-0205-4649-B658-748922F51934}
	EndGlobalSection
EndGlobal
